// !$*UTF8*$!
{
	archiveVersion = 1;
	classes = {
	};
	objectVersion = 46;
	objects = {

/* Begin PBXBuildFile section */
		180E006713D19F83005DF14C /* WallViewController.m in Sources */ = {isa = PBXBuildFile; fileRef = 180E006613D19F83005DF14C /* WallViewController.m */; };
		180E01AC13D1B201005DF14C /* missing-people.png in Resources */ = {isa = PBXBuildFile; fileRef = 180E01AB13D1B201005DF14C /* missing-people.png */; };
		1873AB0413D16FB3001A999B /* AFKPageFlipper.m in Sources */ = {isa = PBXBuildFile; fileRef = 1873AB0313D16FB3001A999B /* AFKPageFlipper.m */; };
		1873AB2513D17044001A999B /* QuartzCore.framework in Frameworks */ = {isa = PBXBuildFile; fileRef = 1873AB2413D17044001A999B /* QuartzCore.framework */; };
		1873ABE513D17378001A999B /* flip-illusion-oriented.jpg in Resources */ = {isa = PBXBuildFile; fileRef = 1873ABE313D17377001A999B /* flip-illusion-oriented.jpg */; };
		1873ABE613D17378001A999B /* flip-illusion.png in Resources */ = {isa = PBXBuildFile; fileRef = 1873ABE413D17378001A999B /* flip-illusion.png */; };
		1873AC0D13D173AC001A999B /* unselected-page.png in Resources */ = {isa = PBXBuildFile; fileRef = 1873AC0B13D173AC001A999B /* unselected-page.png */; };
		1873AC0E13D173AC001A999B /* selected-page.png in Resources */ = {isa = PBXBuildFile; fileRef = 1873AC0C13D173AC001A999B /* selected-page.png */; };
		1873AC2A13D17428001A999B /* FullScreenView.m in Sources */ = {isa = PBXBuildFile; fileRef = 1873AC2113D17428001A999B /* FullScreenView.m */; };
		1873AC2B13D17428001A999B /* TitleAndTextView.m in Sources */ = {isa = PBXBuildFile; fileRef = 1873AC2313D17428001A999B /* TitleAndTextView.m */; };
		1873AC2C13D17428001A999B /* UIViewExtention.m in Sources */ = {isa = PBXBuildFile; fileRef = 1873AC2513D17428001A999B /* UIViewExtention.m */; };
		1873AC2D13D17428001A999B /* HeaderView.m in Sources */ = {isa = PBXBuildFile; fileRef = 1873AC2713D17428001A999B /* HeaderView.m */; };
		1873AC2E13D17428001A999B /* FooterView.m in Sources */ = {isa = PBXBuildFile; fileRef = 1873AC2913D17428001A999B /* FooterView.m */; };
		1873AC4113D1743A001A999B /* LayoutViewExtention.m in Sources */ = {isa = PBXBuildFile; fileRef = 1873AC3013D1743A001A999B /* LayoutViewExtention.m */; };
		1873AC4213D1743A001A999B /* Layout5.m in Sources */ = {isa = PBXBuildFile; fileRef = 1873AC3213D1743A001A999B /* Layout5.m */; };
		1873AC4313D1743A001A999B /* Layout6.m in Sources */ = {isa = PBXBuildFile; fileRef = 1873AC3413D1743A001A999B /* Layout6.m */; };
		1873AC4413D1743A001A999B /* Layout7.m in Sources */ = {isa = PBXBuildFile; fileRef = 1873AC3613D1743A001A999B /* Layout7.m */; };
		1873AC4513D1743A001A999B /* Layout8.m in Sources */ = {isa = PBXBuildFile; fileRef = 1873AC3813D1743A001A999B /* Layout8.m */; };
		1873AC4613D1743A001A999B /* Layout4.m in Sources */ = {isa = PBXBuildFile; fileRef = 1873AC3A13D1743A001A999B /* Layout4.m */; };
		1873AC4713D1743A001A999B /* Layout3.m in Sources */ = {isa = PBXBuildFile; fileRef = 1873AC3C13D1743A001A999B /* Layout3.m */; };
		1873AC4813D1743A001A999B /* Layout2.m in Sources */ = {isa = PBXBuildFile; fileRef = 1873AC3E13D1743A001A999B /* Layout2.m */; };
		1873AC4913D1743A001A999B /* Layout1.m in Sources */ = {isa = PBXBuildFile; fileRef = 1873AC4013D1743A001A999B /* Layout1.m */; };
		1873AC5913D17550001A999B /* MessageModel.m in Sources */ = {isa = PBXBuildFile; fileRef = 1873AC5813D17550001A999B /* MessageModel.m */; };
		18D45F7B13D4365000BB814D /* close-popup.png in Resources */ = {isa = PBXBuildFile; fileRef = 18D45F7A13D4365000BB814D /* close-popup.png */; };
		18FD403713DB18460080C465 /* License in Resources */ = {isa = PBXBuildFile; fileRef = 18FD403613DB18460080C465 /* License */; };
		1D3623260D0F684500981E51 /* FlipPubAppDelegate.m in Sources */ = {isa = PBXBuildFile; fileRef = 1D3623250D0F684500981E51 /* FlipPubAppDelegate.m */; };
		1D60589B0D05DD56006BFB54 /* main.m in Sources */ = {isa = PBXBuildFile; fileRef = 29B97316FDCFA39411CA2CEA /* main.m */; };
		1D60589F0D05DD5A006BFB54 /* Foundation.framework in Frameworks */ = {isa = PBXBuildFile; fileRef = 1D30AB110D05D00D00671497 /* Foundation.framework */; };
		1DF5F4E00D08C38300B7A737 /* UIKit.framework in Frameworks */ = {isa = PBXBuildFile; fileRef = 1DF5F4DF0D08C38300B7A737 /* UIKit.framework */; };
		288765A50DF7441C002DB57D /* CoreGraphics.framework in Frameworks */ = {isa = PBXBuildFile; fileRef = 288765A40DF7441C002DB57D /* CoreGraphics.framework */; };
		28AD733F0D9D9553002E5188 /* MainWindow.xib in Resources */ = {isa = PBXBuildFile; fileRef = 28AD733E0D9D9553002E5188 /* MainWindow.xib */; };
		D700666918854E9300B54D22 /* AePubReaderAppDelegate.m in Sources */ = {isa = PBXBuildFile; fileRef = D700665518854E9300B54D22 /* AePubReaderAppDelegate.m */; };
		D700666A18854E9300B54D22 /* ChapterListViewController.m in Sources */ = {isa = PBXBuildFile; fileRef = D700665718854E9300B54D22 /* ChapterListViewController.m */; };
		D700666B18854E9300B54D22 /* EPub.m in Sources */ = {isa = PBXBuildFile; fileRef = D700665918854E9300B54D22 /* EPub.m */; };
		D700666C18854E9300B54D22 /* EPubViewController.m in Sources */ = {isa = PBXBuildFile; fileRef = D700665B18854E9300B54D22 /* EPubViewController.m */; };
		D700666D18854E9300B54D22 /* Chapter.m in Sources */ = {isa = PBXBuildFile; fileRef = D700665D18854E9300B54D22 /* Chapter.m */; };
		D700666E18854E9300B54D22 /* SearchResultsViewController.m in Sources */ = {isa = PBXBuildFile; fileRef = D700665F18854E9300B54D22 /* SearchResultsViewController.m */; };
		D700666F18854E9300B54D22 /* SearchResult.m in Sources */ = {isa = PBXBuildFile; fileRef = D700666118854E9300B54D22 /* SearchResult.m */; };
		D700667018854E9300B54D22 /* UIWebView+SearchWebView.m in Sources */ = {isa = PBXBuildFile; fileRef = D700666318854E9300B54D22 /* UIWebView+SearchWebView.m */; };
		D700667118854E9300B54D22 /* NSString+HTML.m in Sources */ = {isa = PBXBuildFile; fileRef = D700666618854E9300B54D22 /* NSString+HTML.m */; };
		D700667218854E9300B54D22 /* GTMNSString+HTML.m in Sources */ = {isa = PBXBuildFile; fileRef = D700666818854E9300B54D22 /* GTMNSString+HTML.m */; };
		D700667718854F0300B54D22 /* ZipArchive.mm in Sources */ = {isa = PBXBuildFile; fileRef = D700667618854F0300B54D22 /* ZipArchive.mm */; };
		D700668218854F1E00B54D22 /* ioapi.c in Sources */ = {isa = PBXBuildFile; fileRef = D700667A18854F1E00B54D22 /* ioapi.c */; };
		D700668318854F1E00B54D22 /* mztools.c in Sources */ = {isa = PBXBuildFile; fileRef = D700667C18854F1E00B54D22 /* mztools.c */; };
		D700668418854F1E00B54D22 /* unzip.c in Sources */ = {isa = PBXBuildFile; fileRef = D700667E18854F1E00B54D22 /* unzip.c */; };
		D700668518854F1E00B54D22 /* zip.c in Sources */ = {isa = PBXBuildFile; fileRef = D700668018854F1E00B54D22 /* zip.c */; };
		D700668A18854F6500B54D22 /* CTidy.m in Sources */ = {isa = PBXBuildFile; fileRef = D700668918854F6500B54D22 /* CTidy.m */; };
		D700668F18854F6C00B54D22 /* CXMLDocument_CreationExtensions.m in Sources */ = {isa = PBXBuildFile; fileRef = D700668C18854F6C00B54D22 /* CXMLDocument_CreationExtensions.m */; };
		D700669018854F6C00B54D22 /* CXMLNode_CreationExtensions.m in Sources */ = {isa = PBXBuildFile; fileRef = D700668E18854F6C00B54D22 /* CXMLNode_CreationExtensions.m */; };
		D70066A618854F7900B54D22 /* CXHTMLDocument.m in Sources */ = {isa = PBXBuildFile; fileRef = D700669218854F7900B54D22 /* CXHTMLDocument.m */; };
		D70066A718854F7900B54D22 /* CXMLDocument.m in Sources */ = {isa = PBXBuildFile; fileRef = D700669418854F7900B54D22 /* CXMLDocument.m */; };
		D70066A818854F7900B54D22 /* CXMLDocument_PrivateExtensions.m in Sources */ = {isa = PBXBuildFile; fileRef = D700669618854F7900B54D22 /* CXMLDocument_PrivateExtensions.m */; };
		D70066A918854F7900B54D22 /* CXMLElement.m in Sources */ = {isa = PBXBuildFile; fileRef = D700669818854F7900B54D22 /* CXMLElement.m */; };
		D70066AA18854F7900B54D22 /* CXMLElement_CreationExtensions.m in Sources */ = {isa = PBXBuildFile; fileRef = D700669A18854F7900B54D22 /* CXMLElement_CreationExtensions.m */; };
		D70066AB18854F7900B54D22 /* CXMLElement_ElementTreeExtensions.m in Sources */ = {isa = PBXBuildFile; fileRef = D700669C18854F7900B54D22 /* CXMLElement_ElementTreeExtensions.m */; };
		D70066AC18854F7900B54D22 /* CXMLNamespaceNode.m in Sources */ = {isa = PBXBuildFile; fileRef = D700669E18854F7900B54D22 /* CXMLNamespaceNode.m */; };
		D70066AD18854F7900B54D22 /* CXMLNode.m in Sources */ = {isa = PBXBuildFile; fileRef = D70066A018854F7900B54D22 /* CXMLNode.m */; };
		D70066AE18854F7900B54D22 /* CXMLNode_PrivateExtensions.m in Sources */ = {isa = PBXBuildFile; fileRef = D70066A218854F7900B54D22 /* CXMLNode_PrivateExtensions.m */; };
		D70066AF18854F7900B54D22 /* CXMLNode_XPathExtensions.m in Sources */ = {isa = PBXBuildFile; fileRef = D70066A418854F7900B54D22 /* CXMLNode_XPathExtensions.m */; };
		D70066B11885502D00B54D22 /* libz.dylib in Frameworks */ = {isa = PBXBuildFile; fileRef = D70066B01885502D00B54D22 /* libz.dylib */; };
		D70066B618855B2F00B54D22 /* libxml2.dylib in Frameworks */ = {isa = PBXBuildFile; fileRef = D70066B518855B2F00B54D22 /* libxml2.dylib */; };
		D74D92F6188562E400FB84B7 /* orangeslide.png in Resources */ = {isa = PBXBuildFile; fileRef = D74D92EC188562E400FB84B7 /* orangeslide.png */; };
		D74D92F7188562E400FB84B7 /* slider_ball.png in Resources */ = {isa = PBXBuildFile; fileRef = D74D92ED188562E400FB84B7 /* slider_ball.png */; };
		D74D92F8188562E400FB84B7 /* yellowslide.png in Resources */ = {isa = PBXBuildFile; fileRef = D74D92EE188562E400FB84B7 /* yellowslide.png */; };
		D74D92F9188562E400FB84B7 /* vhugo.epub in Resources */ = {isa = PBXBuildFile; fileRef = D74D92EF188562E400FB84B7 /* vhugo.epub */; };
		D74D92FA188562E400FB84B7 /* EPubView.xib in Resources */ = {isa = PBXBuildFile; fileRef = D74D92F0188562E400FB84B7 /* EPubView.xib */; };
		D74D92FB188562E400FB84B7 /* SearchResultsViewController.xib in Resources */ = {isa = PBXBuildFile; fileRef = D74D92F1188562E400FB84B7 /* SearchResultsViewController.xib */; };
		D74D92FC188562E400FB84B7 /* ChapterListViewController.xib in Resources */ = {isa = PBXBuildFile; fileRef = D74D92F2188562E400FB84B7 /* ChapterListViewController.xib */; };
		D74D92FD188562E400FB84B7 /* MainWindow_.xib in Resources */ = {isa = PBXBuildFile; fileRef = D74D92F3188562E400FB84B7 /* MainWindow_.xib */; };
		D74D92FE188562E400FB84B7 /* AePubReader-Info.plist in Resources */ = {isa = PBXBuildFile; fileRef = D74D92F4188562E400FB84B7 /* AePubReader-Info.plist */; };
		D74D930018858C7E00FB84B7 /* SearchWebView.js in Resources */ = {isa = PBXBuildFile; fileRef = D74D92FF18858C7E00FB84B7 /* SearchWebView.js */; };
/* End PBXBuildFile section */

/* Begin PBXFileReference section */
		180E006513D19F83005DF14C /* WallViewController.h */ = {isa = PBXFileReference; fileEncoding = 4; lastKnownFileType = sourcecode.c.h; path = WallViewController.h; sourceTree = "<group>"; };
		180E006613D19F83005DF14C /* WallViewController.m */ = {isa = PBXFileReference; fileEncoding = 4; lastKnownFileType = sourcecode.c.objc; path = WallViewController.m; sourceTree = "<group>"; };
		180E01AB13D1B201005DF14C /* missing-people.png */ = {isa = PBXFileReference; lastKnownFileType = image.png; path = "missing-people.png"; sourceTree = "<group>"; };
		1873AB0213D16FB3001A999B /* AFKPageFlipper.h */ = {isa = PBXFileReference; fileEncoding = 4; lastKnownFileType = sourcecode.c.h; path = AFKPageFlipper.h; sourceTree = "<group>"; };
		1873AB0313D16FB3001A999B /* AFKPageFlipper.m */ = {isa = PBXFileReference; fileEncoding = 4; lastKnownFileType = sourcecode.c.objc; path = AFKPageFlipper.m; sourceTree = "<group>"; };
		1873AB2413D17044001A999B /* QuartzCore.framework */ = {isa = PBXFileReference; lastKnownFileType = wrapper.framework; name = QuartzCore.framework; path = System/Library/Frameworks/QuartzCore.framework; sourceTree = SDKROOT; };
		1873AB7113D1726E001A999B /* ColorHelper.h */ = {isa = PBXFileReference; fileEncoding = 4; lastKnownFileType = sourcecode.c.h; path = ColorHelper.h; sourceTree = "<group>"; };
		1873ABE313D17377001A999B /* flip-illusion-oriented.jpg */ = {isa = PBXFileReference; lastKnownFileType = image.jpeg; path = "flip-illusion-oriented.jpg"; sourceTree = "<group>"; };
		1873ABE413D17378001A999B /* flip-illusion.png */ = {isa = PBXFileReference; lastKnownFileType = image.png; path = "flip-illusion.png"; sourceTree = "<group>"; };
		1873AC0B13D173AC001A999B /* unselected-page.png */ = {isa = PBXFileReference; lastKnownFileType = image.png; path = "unselected-page.png"; sourceTree = "<group>"; };
		1873AC0C13D173AC001A999B /* selected-page.png */ = {isa = PBXFileReference; lastKnownFileType = image.png; path = "selected-page.png"; sourceTree = "<group>"; };
		1873AC2013D17428001A999B /* FullScreenView.h */ = {isa = PBXFileReference; fileEncoding = 4; lastKnownFileType = sourcecode.c.h; path = FullScreenView.h; sourceTree = "<group>"; };
		1873AC2113D17428001A999B /* FullScreenView.m */ = {isa = PBXFileReference; fileEncoding = 4; lastKnownFileType = sourcecode.c.objc; path = FullScreenView.m; sourceTree = "<group>"; };
		1873AC2213D17428001A999B /* TitleAndTextView.h */ = {isa = PBXFileReference; fileEncoding = 4; lastKnownFileType = sourcecode.c.h; path = TitleAndTextView.h; sourceTree = "<group>"; };
		1873AC2313D17428001A999B /* TitleAndTextView.m */ = {isa = PBXFileReference; fileEncoding = 4; lastKnownFileType = sourcecode.c.objc; path = TitleAndTextView.m; sourceTree = "<group>"; };
		1873AC2413D17428001A999B /* UIViewExtention.h */ = {isa = PBXFileReference; fileEncoding = 4; lastKnownFileType = sourcecode.c.h; path = UIViewExtention.h; sourceTree = "<group>"; };
		1873AC2513D17428001A999B /* UIViewExtention.m */ = {isa = PBXFileReference; fileEncoding = 4; lastKnownFileType = sourcecode.c.objc; path = UIViewExtention.m; sourceTree = "<group>"; };
		1873AC2613D17428001A999B /* HeaderView.h */ = {isa = PBXFileReference; fileEncoding = 4; lastKnownFileType = sourcecode.c.h; path = HeaderView.h; sourceTree = "<group>"; };
		1873AC2713D17428001A999B /* HeaderView.m */ = {isa = PBXFileReference; fileEncoding = 4; lastKnownFileType = sourcecode.c.objc; path = HeaderView.m; sourceTree = "<group>"; };
		1873AC2813D17428001A999B /* FooterView.h */ = {isa = PBXFileReference; fileEncoding = 4; lastKnownFileType = sourcecode.c.h; path = FooterView.h; sourceTree = "<group>"; };
		1873AC2913D17428001A999B /* FooterView.m */ = {isa = PBXFileReference; fileEncoding = 4; lastKnownFileType = sourcecode.c.objc; path = FooterView.m; sourceTree = "<group>"; };
		1873AC2F13D17439001A999B /* LayoutViewExtention.h */ = {isa = PBXFileReference; fileEncoding = 4; lastKnownFileType = sourcecode.c.h; path = LayoutViewExtention.h; sourceTree = "<group>"; };
		1873AC3013D1743A001A999B /* LayoutViewExtention.m */ = {isa = PBXFileReference; fileEncoding = 4; lastKnownFileType = sourcecode.c.objc; path = LayoutViewExtention.m; sourceTree = "<group>"; };
		1873AC3113D1743A001A999B /* Layout5.h */ = {isa = PBXFileReference; fileEncoding = 4; lastKnownFileType = sourcecode.c.h; path = Layout5.h; sourceTree = "<group>"; };
		1873AC3213D1743A001A999B /* Layout5.m */ = {isa = PBXFileReference; fileEncoding = 4; lastKnownFileType = sourcecode.c.objc; path = Layout5.m; sourceTree = "<group>"; };
		1873AC3313D1743A001A999B /* Layout6.h */ = {isa = PBXFileReference; fileEncoding = 4; lastKnownFileType = sourcecode.c.h; path = Layout6.h; sourceTree = "<group>"; };
		1873AC3413D1743A001A999B /* Layout6.m */ = {isa = PBXFileReference; fileEncoding = 4; lastKnownFileType = sourcecode.c.objc; path = Layout6.m; sourceTree = "<group>"; };
		1873AC3513D1743A001A999B /* Layout7.h */ = {isa = PBXFileReference; fileEncoding = 4; lastKnownFileType = sourcecode.c.h; path = Layout7.h; sourceTree = "<group>"; };
		1873AC3613D1743A001A999B /* Layout7.m */ = {isa = PBXFileReference; fileEncoding = 4; lastKnownFileType = sourcecode.c.objc; path = Layout7.m; sourceTree = "<group>"; };
		1873AC3713D1743A001A999B /* Layout8.h */ = {isa = PBXFileReference; fileEncoding = 4; lastKnownFileType = sourcecode.c.h; path = Layout8.h; sourceTree = "<group>"; };
		1873AC3813D1743A001A999B /* Layout8.m */ = {isa = PBXFileReference; fileEncoding = 4; lastKnownFileType = sourcecode.c.objc; path = Layout8.m; sourceTree = "<group>"; };
		1873AC3913D1743A001A999B /* Layout4.h */ = {isa = PBXFileReference; fileEncoding = 4; lastKnownFileType = sourcecode.c.h; path = Layout4.h; sourceTree = "<group>"; };
		1873AC3A13D1743A001A999B /* Layout4.m */ = {isa = PBXFileReference; fileEncoding = 4; lastKnownFileType = sourcecode.c.objc; path = Layout4.m; sourceTree = "<group>"; };
		1873AC3B13D1743A001A999B /* Layout3.h */ = {isa = PBXFileReference; fileEncoding = 4; lastKnownFileType = sourcecode.c.h; path = Layout3.h; sourceTree = "<group>"; };
		1873AC3C13D1743A001A999B /* Layout3.m */ = {isa = PBXFileReference; fileEncoding = 4; lastKnownFileType = sourcecode.c.objc; path = Layout3.m; sourceTree = "<group>"; };
		1873AC3D13D1743A001A999B /* Layout2.h */ = {isa = PBXFileReference; fileEncoding = 4; lastKnownFileType = sourcecode.c.h; path = Layout2.h; sourceTree = "<group>"; };
		1873AC3E13D1743A001A999B /* Layout2.m */ = {isa = PBXFileReference; fileEncoding = 4; lastKnownFileType = sourcecode.c.objc; path = Layout2.m; sourceTree = "<group>"; };
		1873AC3F13D1743A001A999B /* Layout1.h */ = {isa = PBXFileReference; fileEncoding = 4; lastKnownFileType = sourcecode.c.h; path = Layout1.h; sourceTree = "<group>"; };
		1873AC4013D1743A001A999B /* Layout1.m */ = {isa = PBXFileReference; fileEncoding = 4; lastKnownFileType = sourcecode.c.objc; path = Layout1.m; sourceTree = "<group>"; };
		1873AC5713D17550001A999B /* MessageModel.h */ = {isa = PBXFileReference; fileEncoding = 4; lastKnownFileType = sourcecode.c.h; path = MessageModel.h; sourceTree = "<group>"; };
		1873AC5813D17550001A999B /* MessageModel.m */ = {isa = PBXFileReference; fileEncoding = 4; lastKnownFileType = sourcecode.c.objc; path = MessageModel.m; sourceTree = "<group>"; };
		18D45F7A13D4365000BB814D /* close-popup.png */ = {isa = PBXFileReference; lastKnownFileType = image.png; path = "close-popup.png"; sourceTree = "<group>"; };
		18FD403613DB18460080C465 /* License */ = {isa = PBXFileReference; fileEncoding = 4; lastKnownFileType = text; path = License; sourceTree = "<group>"; };
		1D30AB110D05D00D00671497 /* Foundation.framework */ = {isa = PBXFileReference; lastKnownFileType = wrapper.framework; name = Foundation.framework; path = System/Library/Frameworks/Foundation.framework; sourceTree = SDKROOT; };
		1D3623240D0F684500981E51 /* FlipPubAppDelegate.h */ = {isa = PBXFileReference; fileEncoding = 4; lastKnownFileType = sourcecode.c.h; path = FlipPubAppDelegate.h; sourceTree = "<group>"; };
		1D3623250D0F684500981E51 /* FlipPubAppDelegate.m */ = {isa = PBXFileReference; fileEncoding = 4; lastKnownFileType = sourcecode.c.objc; path = FlipPubAppDelegate.m; sourceTree = "<group>"; };
		1D6058910D05DD3D006BFB54 /* FlipPub.app */ = {isa = PBXFileReference; explicitFileType = wrapper.application; includeInIndex = 0; path = FlipPub.app; sourceTree = BUILT_PRODUCTS_DIR; };
		1DF5F4DF0D08C38300B7A737 /* UIKit.framework */ = {isa = PBXFileReference; lastKnownFileType = wrapper.framework; name = UIKit.framework; path = System/Library/Frameworks/UIKit.framework; sourceTree = SDKROOT; };
		288765A40DF7441C002DB57D /* CoreGraphics.framework */ = {isa = PBXFileReference; lastKnownFileType = wrapper.framework; name = CoreGraphics.framework; path = System/Library/Frameworks/CoreGraphics.framework; sourceTree = SDKROOT; };
		28AD733E0D9D9553002E5188 /* MainWindow.xib */ = {isa = PBXFileReference; lastKnownFileType = file.xib; name = MainWindow.xib; path = Flip/MainWindow.xib; sourceTree = "<group>"; };
		29B97316FDCFA39411CA2CEA /* main.m */ = {isa = PBXFileReference; fileEncoding = 4; lastKnownFileType = sourcecode.c.objc; path = main.m; sourceTree = "<group>"; };
		32CA4F630368D1EE00C91783 /* FlipPub_Prefix.pch */ = {isa = PBXFileReference; fileEncoding = 4; lastKnownFileType = sourcecode.c.h; path = FlipPub_Prefix.pch; sourceTree = "<group>"; };
		8D1107310486CEB800E47090 /* FlipPub-Info.plist */ = {isa = PBXFileReference; fileEncoding = 4; lastKnownFileType = text.plist.xml; path = "FlipPub-Info.plist"; plistStructureDefinitionIdentifier = "com.apple.xcode.plist.structure-definition.iphone.info-plist"; sourceTree = "<group>"; };
		D700665418854E9300B54D22 /* AePubReaderAppDelegate.h */ = {isa = PBXFileReference; fileEncoding = 4; lastKnownFileType = sourcecode.c.h; path = AePubReaderAppDelegate.h; sourceTree = "<group>"; };
		D700665518854E9300B54D22 /* AePubReaderAppDelegate.m */ = {isa = PBXFileReference; fileEncoding = 4; lastKnownFileType = sourcecode.c.objc; path = AePubReaderAppDelegate.m; sourceTree = "<group>"; };
		D700665618854E9300B54D22 /* ChapterListViewController.h */ = {isa = PBXFileReference; fileEncoding = 4; lastKnownFileType = sourcecode.c.h; path = ChapterListViewController.h; sourceTree = "<group>"; };
		D700665718854E9300B54D22 /* ChapterListViewController.m */ = {isa = PBXFileReference; fileEncoding = 4; lastKnownFileType = sourcecode.c.objc; path = ChapterListViewController.m; sourceTree = "<group>"; };
		D700665818854E9300B54D22 /* EPub.h */ = {isa = PBXFileReference; fileEncoding = 4; lastKnownFileType = sourcecode.c.h; path = EPub.h; sourceTree = "<group>"; };
		D700665918854E9300B54D22 /* EPub.m */ = {isa = PBXFileReference; fileEncoding = 4; lastKnownFileType = sourcecode.c.objc; path = EPub.m; sourceTree = "<group>"; };
		D700665A18854E9300B54D22 /* EPubViewController.h */ = {isa = PBXFileReference; fileEncoding = 4; lastKnownFileType = sourcecode.c.h; path = EPubViewController.h; sourceTree = "<group>"; };
		D700665B18854E9300B54D22 /* EPubViewController.m */ = {isa = PBXFileReference; fileEncoding = 4; lastKnownFileType = sourcecode.c.objc; path = EPubViewController.m; sourceTree = "<group>"; };
		D700665C18854E9300B54D22 /* Chapter.h */ = {isa = PBXFileReference; fileEncoding = 4; lastKnownFileType = sourcecode.c.h; path = Chapter.h; sourceTree = "<group>"; };
		D700665D18854E9300B54D22 /* Chapter.m */ = {isa = PBXFileReference; fileEncoding = 4; lastKnownFileType = sourcecode.c.objc; path = Chapter.m; sourceTree = "<group>"; };
		D700665E18854E9300B54D22 /* SearchResultsViewController.h */ = {isa = PBXFileReference; fileEncoding = 4; lastKnownFileType = sourcecode.c.h; path = SearchResultsViewController.h; sourceTree = "<group>"; };
		D700665F18854E9300B54D22 /* SearchResultsViewController.m */ = {isa = PBXFileReference; fileEncoding = 4; lastKnownFileType = sourcecode.c.objc; path = SearchResultsViewController.m; sourceTree = "<group>"; };
		D700666018854E9300B54D22 /* SearchResult.h */ = {isa = PBXFileReference; fileEncoding = 4; lastKnownFileType = sourcecode.c.h; path = SearchResult.h; sourceTree = "<group>"; };
		D700666118854E9300B54D22 /* SearchResult.m */ = {isa = PBXFileReference; fileEncoding = 4; lastKnownFileType = sourcecode.c.objc; path = SearchResult.m; sourceTree = "<group>"; };
		D700666218854E9300B54D22 /* UIWebView+SearchWebView.h */ = {isa = PBXFileReference; fileEncoding = 4; lastKnownFileType = sourcecode.c.h; path = "UIWebView+SearchWebView.h"; sourceTree = "<group>"; };
		D700666318854E9300B54D22 /* UIWebView+SearchWebView.m */ = {isa = PBXFileReference; fileEncoding = 4; lastKnownFileType = sourcecode.c.objc; path = "UIWebView+SearchWebView.m"; sourceTree = "<group>"; };
		D700666418854E9300B54D22 /* GTMDefines.h */ = {isa = PBXFileReference; fileEncoding = 4; lastKnownFileType = sourcecode.c.h; path = GTMDefines.h; sourceTree = "<group>"; };
		D700666518854E9300B54D22 /* NSString+HTML.h */ = {isa = PBXFileReference; fileEncoding = 4; lastKnownFileType = sourcecode.c.h; path = "NSString+HTML.h"; sourceTree = "<group>"; };
		D700666618854E9300B54D22 /* NSString+HTML.m */ = {isa = PBXFileReference; fileEncoding = 4; lastKnownFileType = sourcecode.c.objc; path = "NSString+HTML.m"; sourceTree = "<group>"; };
		D700666718854E9300B54D22 /* GTMNSString+HTML.h */ = {isa = PBXFileReference; fileEncoding = 4; lastKnownFileType = sourcecode.c.h; path = "GTMNSString+HTML.h"; sourceTree = "<group>"; };
		D700666818854E9300B54D22 /* GTMNSString+HTML.m */ = {isa = PBXFileReference; fileEncoding = 4; lastKnownFileType = sourcecode.c.objc; path = "GTMNSString+HTML.m"; sourceTree = "<group>"; };
		D700667518854F0300B54D22 /* ZipArchive.h */ = {isa = PBXFileReference; fileEncoding = 4; lastKnownFileType = sourcecode.c.h; path = ZipArchive.h; sourceTree = "<group>"; };
		D700667618854F0300B54D22 /* ZipArchive.mm */ = {isa = PBXFileReference; fileEncoding = 4; lastKnownFileType = sourcecode.cpp.objcpp; path = ZipArchive.mm; sourceTree = "<group>"; };
		D700667918854F1E00B54D22 /* crypt.h */ = {isa = PBXFileReference; fileEncoding = 4; lastKnownFileType = sourcecode.c.h; path = crypt.h; sourceTree = "<group>"; };
		D700667A18854F1E00B54D22 /* ioapi.c */ = {isa = PBXFileReference; fileEncoding = 4; lastKnownFileType = sourcecode.c.c; path = ioapi.c; sourceTree = "<group>"; };
		D700667B18854F1E00B54D22 /* ioapi.h */ = {isa = PBXFileReference; fileEncoding = 4; lastKnownFileType = sourcecode.c.h; path = ioapi.h; sourceTree = "<group>"; };
		D700667C18854F1E00B54D22 /* mztools.c */ = {isa = PBXFileReference; fileEncoding = 4; lastKnownFileType = sourcecode.c.c; path = mztools.c; sourceTree = "<group>"; };
		D700667D18854F1E00B54D22 /* mztools.h */ = {isa = PBXFileReference; fileEncoding = 4; lastKnownFileType = sourcecode.c.h; path = mztools.h; sourceTree = "<group>"; };
		D700667E18854F1E00B54D22 /* unzip.c */ = {isa = PBXFileReference; fileEncoding = 4; lastKnownFileType = sourcecode.c.c; path = unzip.c; sourceTree = "<group>"; };
		D700667F18854F1E00B54D22 /* unzip.h */ = {isa = PBXFileReference; fileEncoding = 4; lastKnownFileType = sourcecode.c.h; path = unzip.h; sourceTree = "<group>"; };
		D700668018854F1E00B54D22 /* zip.c */ = {isa = PBXFileReference; fileEncoding = 4; lastKnownFileType = sourcecode.c.c; path = zip.c; sourceTree = "<group>"; };
		D700668118854F1E00B54D22 /* zip.h */ = {isa = PBXFileReference; fileEncoding = 4; lastKnownFileType = sourcecode.c.h; path = zip.h; sourceTree = "<group>"; };
		D700668818854F6500B54D22 /* CTidy.h */ = {isa = PBXFileReference; fileEncoding = 4; lastKnownFileType = sourcecode.c.h; path = CTidy.h; sourceTree = "<group>"; };
		D700668918854F6500B54D22 /* CTidy.m */ = {isa = PBXFileReference; fileEncoding = 4; lastKnownFileType = sourcecode.c.objc; path = CTidy.m; sourceTree = "<group>"; };
		D700668B18854F6C00B54D22 /* CXMLDocument_CreationExtensions.h */ = {isa = PBXFileReference; fileEncoding = 4; lastKnownFileType = sourcecode.c.h; path = CXMLDocument_CreationExtensions.h; sourceTree = "<group>"; };
		D700668C18854F6C00B54D22 /* CXMLDocument_CreationExtensions.m */ = {isa = PBXFileReference; fileEncoding = 4; lastKnownFileType = sourcecode.c.objc; path = CXMLDocument_CreationExtensions.m; sourceTree = "<group>"; };
		D700668D18854F6C00B54D22 /* CXMLNode_CreationExtensions.h */ = {isa = PBXFileReference; fileEncoding = 4; lastKnownFileType = sourcecode.c.h; path = CXMLNode_CreationExtensions.h; sourceTree = "<group>"; };
		D700668E18854F6C00B54D22 /* CXMLNode_CreationExtensions.m */ = {isa = PBXFileReference; fileEncoding = 4; lastKnownFileType = sourcecode.c.objc; path = CXMLNode_CreationExtensions.m; sourceTree = "<group>"; };
		D700669118854F7900B54D22 /* CXHTMLDocument.h */ = {isa = PBXFileReference; fileEncoding = 4; lastKnownFileType = sourcecode.c.h; path = CXHTMLDocument.h; sourceTree = "<group>"; };
		D700669218854F7900B54D22 /* CXHTMLDocument.m */ = {isa = PBXFileReference; fileEncoding = 4; lastKnownFileType = sourcecode.c.objc; path = CXHTMLDocument.m; sourceTree = "<group>"; };
		D700669318854F7900B54D22 /* CXMLDocument.h */ = {isa = PBXFileReference; fileEncoding = 4; lastKnownFileType = sourcecode.c.h; path = CXMLDocument.h; sourceTree = "<group>"; };
		D700669418854F7900B54D22 /* CXMLDocument.m */ = {isa = PBXFileReference; fileEncoding = 4; lastKnownFileType = sourcecode.c.objc; path = CXMLDocument.m; sourceTree = "<group>"; };
		D700669518854F7900B54D22 /* CXMLDocument_PrivateExtensions.h */ = {isa = PBXFileReference; fileEncoding = 4; lastKnownFileType = sourcecode.c.h; path = CXMLDocument_PrivateExtensions.h; sourceTree = "<group>"; };
		D700669618854F7900B54D22 /* CXMLDocument_PrivateExtensions.m */ = {isa = PBXFileReference; fileEncoding = 4; lastKnownFileType = sourcecode.c.objc; path = CXMLDocument_PrivateExtensions.m; sourceTree = "<group>"; };
		D700669718854F7900B54D22 /* CXMLElement.h */ = {isa = PBXFileReference; fileEncoding = 4; lastKnownFileType = sourcecode.c.h; path = CXMLElement.h; sourceTree = "<group>"; };
		D700669818854F7900B54D22 /* CXMLElement.m */ = {isa = PBXFileReference; fileEncoding = 4; lastKnownFileType = sourcecode.c.objc; path = CXMLElement.m; sourceTree = "<group>"; };
		D700669918854F7900B54D22 /* CXMLElement_CreationExtensions.h */ = {isa = PBXFileReference; fileEncoding = 4; lastKnownFileType = sourcecode.c.h; path = CXMLElement_CreationExtensions.h; sourceTree = "<group>"; };
		D700669A18854F7900B54D22 /* CXMLElement_CreationExtensions.m */ = {isa = PBXFileReference; fileEncoding = 4; lastKnownFileType = sourcecode.c.objc; path = CXMLElement_CreationExtensions.m; sourceTree = "<group>"; };
		D700669B18854F7900B54D22 /* CXMLElement_ElementTreeExtensions.h */ = {isa = PBXFileReference; fileEncoding = 4; lastKnownFileType = sourcecode.c.h; path = CXMLElement_ElementTreeExtensions.h; sourceTree = "<group>"; };
		D700669C18854F7900B54D22 /* CXMLElement_ElementTreeExtensions.m */ = {isa = PBXFileReference; fileEncoding = 4; lastKnownFileType = sourcecode.c.objc; path = CXMLElement_ElementTreeExtensions.m; sourceTree = "<group>"; };
		D700669D18854F7900B54D22 /* CXMLNamespaceNode.h */ = {isa = PBXFileReference; fileEncoding = 4; lastKnownFileType = sourcecode.c.h; path = CXMLNamespaceNode.h; sourceTree = "<group>"; };
		D700669E18854F7900B54D22 /* CXMLNamespaceNode.m */ = {isa = PBXFileReference; fileEncoding = 4; lastKnownFileType = sourcecode.c.objc; path = CXMLNamespaceNode.m; sourceTree = "<group>"; };
		D700669F18854F7900B54D22 /* CXMLNode.h */ = {isa = PBXFileReference; fileEncoding = 4; lastKnownFileType = sourcecode.c.h; path = CXMLNode.h; sourceTree = "<group>"; };
		D70066A018854F7900B54D22 /* CXMLNode.m */ = {isa = PBXFileReference; fileEncoding = 4; lastKnownFileType = sourcecode.c.objc; path = CXMLNode.m; sourceTree = "<group>"; };
		D70066A118854F7900B54D22 /* CXMLNode_PrivateExtensions.h */ = {isa = PBXFileReference; fileEncoding = 4; lastKnownFileType = sourcecode.c.h; path = CXMLNode_PrivateExtensions.h; sourceTree = "<group>"; };
		D70066A218854F7900B54D22 /* CXMLNode_PrivateExtensions.m */ = {isa = PBXFileReference; fileEncoding = 4; lastKnownFileType = sourcecode.c.objc; path = CXMLNode_PrivateExtensions.m; sourceTree = "<group>"; };
		D70066A318854F7900B54D22 /* CXMLNode_XPathExtensions.h */ = {isa = PBXFileReference; fileEncoding = 4; lastKnownFileType = sourcecode.c.h; path = CXMLNode_XPathExtensions.h; sourceTree = "<group>"; };
		D70066A418854F7900B54D22 /* CXMLNode_XPathExtensions.m */ = {isa = PBXFileReference; fileEncoding = 4; lastKnownFileType = sourcecode.c.objc; path = CXMLNode_XPathExtensions.m; sourceTree = "<group>"; };
		D70066A518854F7900B54D22 /* TouchXML.h */ = {isa = PBXFileReference; fileEncoding = 4; lastKnownFileType = sourcecode.c.h; path = TouchXML.h; sourceTree = "<group>"; };
		D70066B01885502D00B54D22 /* libz.dylib */ = {isa = PBXFileReference; lastKnownFileType = "compiled.mach-o.dylib"; name = libz.dylib; path = usr/lib/libz.dylib; sourceTree = SDKROOT; };
		D70066B21885513E00B54D22 /* libxml2.dylib */ = {isa = PBXFileReference; lastKnownFileType = "compiled.mach-o.dylib"; name = libxml2.dylib; path = usr/lib/libxml2.dylib; sourceTree = SDKROOT; };
		D70066B518855B2F00B54D22 /* libxml2.dylib */ = {isa = PBXFileReference; lastKnownFileType = "compiled.mach-o.dylib"; name = libxml2.dylib; path = /usr/lib/libxml2.dylib; sourceTree = "<absolute>"; };
		D74D92EC188562E400FB84B7 /* orangeslide.png */ = {isa = PBXFileReference; lastKnownFileType = image.png; path = orangeslide.png; sourceTree = "<group>"; };
		D74D92ED188562E400FB84B7 /* slider_ball.png */ = {isa = PBXFileReference; lastKnownFileType = image.png; path = slider_ball.png; sourceTree = "<group>"; };
		D74D92EE188562E400FB84B7 /* yellowslide.png */ = {isa = PBXFileReference; lastKnownFileType = image.png; path = yellowslide.png; sourceTree = "<group>"; };
		D74D92EF188562E400FB84B7 /* vhugo.epub */ = {isa = PBXFileReference; lastKnownFileType = file; path = vhugo.epub; sourceTree = "<group>"; };
		D74D92F0188562E400FB84B7 /* EPubView.xib */ = {isa = PBXFileReference; fileEncoding = 4; lastKnownFileType = file.xib; path = EPubView.xib; sourceTree = "<group>"; };
		D74D92F1188562E400FB84B7 /* SearchResultsViewController.xib */ = {isa = PBXFileReference; fileEncoding = 4; lastKnownFileType = file.xib; path = SearchResultsViewController.xib; sourceTree = "<group>"; };
		D74D92F2188562E400FB84B7 /* ChapterListViewController.xib */ = {isa = PBXFileReference; fileEncoding = 4; lastKnownFileType = file.xib; path = ChapterListViewController.xib; sourceTree = "<group>"; };
		D74D92F3188562E400FB84B7 /* MainWindow_.xib */ = {isa = PBXFileReference; fileEncoding = 4; lastKnownFileType = file.xib; path = MainWindow_.xib; sourceTree = "<group>"; };
		D74D92F4188562E400FB84B7 /* AePubReader-Info.plist */ = {isa = PBXFileReference; fileEncoding = 4; lastKnownFileType = text.plist.xml; path = "AePubReader-Info.plist"; sourceTree = "<group>"; };
		D74D92FF18858C7E00FB84B7 /* SearchWebView.js */ = {isa = PBXFileReference; lastKnownFileType = sourcecode.javascript; path = SearchWebView.js; sourceTree = "<group>"; };
/* End PBXFileReference section */

/* Begin PBXFrameworksBuildPhase section */
		1D60588F0D05DD3D006BFB54 /* Frameworks */ = {
			isa = PBXFrameworksBuildPhase;
			buildActionMask = 2147483647;
			files = (
				D70066B11885502D00B54D22 /* libz.dylib in Frameworks */,
				1D60589F0D05DD5A006BFB54 /* Foundation.framework in Frameworks */,
				1DF5F4E00D08C38300B7A737 /* UIKit.framework in Frameworks */,
				288765A50DF7441C002DB57D /* CoreGraphics.framework in Frameworks */,
				1873AB2513D17044001A999B /* QuartzCore.framework in Frameworks */,
				D70066B618855B2F00B54D22 /* libxml2.dylib in Frameworks */,
			);
			runOnlyForDeploymentPostprocessing = 0;
		};
/* End PBXFrameworksBuildPhase section */

/* Begin PBXGroup section */
		080E96DDFE201D6D7F000001 /* Classes */ = {
			isa = PBXGroup;
			children = (
				1873AC5613D1753F001A999B /* Model */,
				1873AB7013D1723E001A999B /* Helper */,
				1873AB0113D16F96001A999B /* AFKPageFlipper */,
				1873AAF813D16F29001A999B /* Layouts */,
				1873AAF713D16F21001A999B /* Views */,
				1873AAF613D16F0B001A999B /* Controllers */,
				1D3623240D0F684500981E51 /* FlipPubAppDelegate.h */,
				1D3623250D0F684500981E51 /* FlipPubAppDelegate.m */,
			);
			path = Classes;
			sourceTree = "<group>";
		};
		1873AAF613D16F0B001A999B /* Controllers */ = {
			isa = PBXGroup;
			children = (
				180E006513D19F83005DF14C /* WallViewController.h */,
				180E006613D19F83005DF14C /* WallViewController.m */,
			);
			name = Controllers;
			sourceTree = "<group>";
		};
		1873AAF713D16F21001A999B /* Views */ = {
			isa = PBXGroup;
			children = (
				1873AC2013D17428001A999B /* FullScreenView.h */,
				1873AC2113D17428001A999B /* FullScreenView.m */,
				1873AC2213D17428001A999B /* TitleAndTextView.h */,
				1873AC2313D17428001A999B /* TitleAndTextView.m */,
				1873AC2413D17428001A999B /* UIViewExtention.h */,
				1873AC2513D17428001A999B /* UIViewExtention.m */,
				1873AC2613D17428001A999B /* HeaderView.h */,
				1873AC2713D17428001A999B /* HeaderView.m */,
				1873AC2813D17428001A999B /* FooterView.h */,
				1873AC2913D17428001A999B /* FooterView.m */,
			);
			name = Views;
			sourceTree = "<group>";
		};
		1873AAF813D16F29001A999B /* Layouts */ = {
			isa = PBXGroup;
			children = (
				1873AC2F13D17439001A999B /* LayoutViewExtention.h */,
				1873AC3013D1743A001A999B /* LayoutViewExtention.m */,
				1873AC3113D1743A001A999B /* Layout5.h */,
				1873AC3213D1743A001A999B /* Layout5.m */,
				1873AC3313D1743A001A999B /* Layout6.h */,
				1873AC3413D1743A001A999B /* Layout6.m */,
				1873AC3513D1743A001A999B /* Layout7.h */,
				1873AC3613D1743A001A999B /* Layout7.m */,
				1873AC3713D1743A001A999B /* Layout8.h */,
				1873AC3813D1743A001A999B /* Layout8.m */,
				1873AC3913D1743A001A999B /* Layout4.h */,
				1873AC3A13D1743A001A999B /* Layout4.m */,
				1873AC3B13D1743A001A999B /* Layout3.h */,
				1873AC3C13D1743A001A999B /* Layout3.m */,
				1873AC3D13D1743A001A999B /* Layout2.h */,
				1873AC3E13D1743A001A999B /* Layout2.m */,
				1873AC3F13D1743A001A999B /* Layout1.h */,
				1873AC4013D1743A001A999B /* Layout1.m */,
			);
			name = Layouts;
			sourceTree = "<group>";
		};
		1873AB0113D16F96001A999B /* AFKPageFlipper */ = {
			isa = PBXGroup;
			children = (
				1873AB0213D16FB3001A999B /* AFKPageFlipper.h */,
				1873AB0313D16FB3001A999B /* AFKPageFlipper.m */,
			);
			name = AFKPageFlipper;
			sourceTree = "<group>";
		};
		1873AB7013D1723E001A999B /* Helper */ = {
			isa = PBXGroup;
			children = (
				1873AB7113D1726E001A999B /* ColorHelper.h */,
			);
			name = Helper;
			sourceTree = "<group>";
		};
		1873AC5613D1753F001A999B /* Model */ = {
			isa = PBXGroup;
			children = (
				1873AC5713D17550001A999B /* MessageModel.h */,
				1873AC5813D17550001A999B /* MessageModel.m */,
			);
			name = Model;
			sourceTree = "<group>";
		};
		19C28FACFE9D520D11CA2CBB /* Products */ = {
			isa = PBXGroup;
			children = (
				1D6058910D05DD3D006BFB54 /* FlipPub.app */,
			);
			name = Products;
			sourceTree = "<group>";
		};
		29B97314FDCFA39411CA2CEA /* CustomTemplate */ = {
			isa = PBXGroup;
			children = (
				D70065F618854BFF00B54D22 /* ePub */,
				D70065F518854BF000B54D22 /* Flip */,
				29B97315FDCFA39411CA2CEA /* Other Sources */,
				D74D92E91885614D00FB84B7 /* Resources */,
				29B97323FDCFA39411CA2CEA /* Frameworks */,
				19C28FACFE9D520D11CA2CBB /* Products */,
			);
			name = CustomTemplate;
			sourceTree = "<group>";
		};
		29B97315FDCFA39411CA2CEA /* Other Sources */ = {
			isa = PBXGroup;
			children = (
				29B97316FDCFA39411CA2CEA /* main.m */,
			);
			name = "Other Sources";
			path = Flip;
			sourceTree = "<group>";
		};
		29B97317FDCFA39411CA2CEA /* Resources */ = {
			isa = PBXGroup;
			children = (
			);
			name = Resources;
			sourceTree = "<group>";
		};
		29B97323FDCFA39411CA2CEA /* Frameworks */ = {
			isa = PBXGroup;
			children = (
				D70066B21885513E00B54D22 /* libxml2.dylib */,
				D70066B01885502D00B54D22 /* libz.dylib */,
				1DF5F4DF0D08C38300B7A737 /* UIKit.framework */,
				1D30AB110D05D00D00671497 /* Foundation.framework */,
				288765A40DF7441C002DB57D /* CoreGraphics.framework */,
				1873AB2413D17044001A999B /* QuartzCore.framework */,
			);
			name = Frameworks;
			sourceTree = "<group>";
		};
		D70065F518854BF000B54D22 /* Flip */ = {
			isa = PBXGroup;
			children = (
				18FD403613DB18460080C465 /* License */,
				080E96DDFE201D6D7F000001 /* Classes */,
				29B97317FDCFA39411CA2CEA /* Resources */,
				18D45F7A13D4365000BB814D /* close-popup.png */,
				180E01AB13D1B201005DF14C /* missing-people.png */,
				1873AC0B13D173AC001A999B /* unselected-page.png */,
				1873AC0C13D173AC001A999B /* selected-page.png */,
				1873ABE313D17377001A999B /* flip-illusion-oriented.jpg */,
				1873ABE413D17378001A999B /* flip-illusion.png */,
			);
			path = Flip;
			sourceTree = "<group>";
		};
		D70065F618854BFF00B54D22 /* ePub */ = {
			isa = PBXGroup;
			children = (
				D700667318854EC500B54D22 /* TouchXML */,
				D700667418854EE100B54D22 /* ZipArchive */,
				D700665418854E9300B54D22 /* AePubReaderAppDelegate.h */,
				D700665518854E9300B54D22 /* AePubReaderAppDelegate.m */,
				D700665618854E9300B54D22 /* ChapterListViewController.h */,
				D700665718854E9300B54D22 /* ChapterListViewController.m */,
				D700665818854E9300B54D22 /* EPub.h */,
				D700665918854E9300B54D22 /* EPub.m */,
				D700665A18854E9300B54D22 /* EPubViewController.h */,
				D700665B18854E9300B54D22 /* EPubViewController.m */,
				D700665C18854E9300B54D22 /* Chapter.h */,
				D700665D18854E9300B54D22 /* Chapter.m */,
				D700665E18854E9300B54D22 /* SearchResultsViewController.h */,
				D700665F18854E9300B54D22 /* SearchResultsViewController.m */,
				D700666018854E9300B54D22 /* SearchResult.h */,
				D700666118854E9300B54D22 /* SearchResult.m */,
				D700666218854E9300B54D22 /* UIWebView+SearchWebView.h */,
				D700666318854E9300B54D22 /* UIWebView+SearchWebView.m */,
				D700666418854E9300B54D22 /* GTMDefines.h */,
				D700666518854E9300B54D22 /* NSString+HTML.h */,
				D700666618854E9300B54D22 /* NSString+HTML.m */,
				D700666718854E9300B54D22 /* GTMNSString+HTML.h */,
				D700666818854E9300B54D22 /* GTMNSString+HTML.m */,
				D74D92EA188562BD00FB84B7 /* Resources */,
			);
			path = ePub;
			sourceTree = "<group>";
		};
		D700667318854EC500B54D22 /* TouchXML */ = {
			isa = PBXGroup;
			children = (
				D700668618854F2E00B54D22 /* Tidy */,
				D700668718854F3300B54D22 /* Creation */,
				D700669118854F7900B54D22 /* CXHTMLDocument.h */,
				D700669218854F7900B54D22 /* CXHTMLDocument.m */,
				D700669318854F7900B54D22 /* CXMLDocument.h */,
				D700669418854F7900B54D22 /* CXMLDocument.m */,
				D700669518854F7900B54D22 /* CXMLDocument_PrivateExtensions.h */,
				D700669618854F7900B54D22 /* CXMLDocument_PrivateExtensions.m */,
				D700669718854F7900B54D22 /* CXMLElement.h */,
				D700669818854F7900B54D22 /* CXMLElement.m */,
				D700669918854F7900B54D22 /* CXMLElement_CreationExtensions.h */,
				D700669A18854F7900B54D22 /* CXMLElement_CreationExtensions.m */,
				D700669B18854F7900B54D22 /* CXMLElement_ElementTreeExtensions.h */,
				D700669C18854F7900B54D22 /* CXMLElement_ElementTreeExtensions.m */,
				D700669D18854F7900B54D22 /* CXMLNamespaceNode.h */,
				D700669E18854F7900B54D22 /* CXMLNamespaceNode.m */,
				D700669F18854F7900B54D22 /* CXMLNode.h */,
				D70066A018854F7900B54D22 /* CXMLNode.m */,
				D70066A118854F7900B54D22 /* CXMLNode_PrivateExtensions.h */,
				D70066A218854F7900B54D22 /* CXMLNode_PrivateExtensions.m */,
				D70066A318854F7900B54D22 /* CXMLNode_XPathExtensions.h */,
				D70066A418854F7900B54D22 /* CXMLNode_XPathExtensions.m */,
				D70066A518854F7900B54D22 /* TouchXML.h */,
			);
			path = TouchXML;
			sourceTree = "<group>";
		};
		D700667418854EE100B54D22 /* ZipArchive */ = {
			isa = PBXGroup;
			children = (
				D700667518854F0300B54D22 /* ZipArchive.h */,
				D700667618854F0300B54D22 /* ZipArchive.mm */,
				D700667818854F0700B54D22 /* minizip */,
			);
			path = ZipArchive;
			sourceTree = "<group>";
		};
		D700667818854F0700B54D22 /* minizip */ = {
			isa = PBXGroup;
			children = (
				D700667918854F1E00B54D22 /* crypt.h */,
				D700667A18854F1E00B54D22 /* ioapi.c */,
				D700667B18854F1E00B54D22 /* ioapi.h */,
				D700667C18854F1E00B54D22 /* mztools.c */,
				D700667D18854F1E00B54D22 /* mztools.h */,
				D700667E18854F1E00B54D22 /* unzip.c */,
				D700667F18854F1E00B54D22 /* unzip.h */,
				D700668018854F1E00B54D22 /* zip.c */,
				D700668118854F1E00B54D22 /* zip.h */,
			);
			path = minizip;
			sourceTree = "<group>";
		};
		D700668618854F2E00B54D22 /* Tidy */ = {
			isa = PBXGroup;
			children = (
				D700668818854F6500B54D22 /* CTidy.h */,
				D700668918854F6500B54D22 /* CTidy.m */,
			);
			path = Tidy;
			sourceTree = "<group>";
		};
		D700668718854F3300B54D22 /* Creation */ = {
			isa = PBXGroup;
			children = (
				D700668B18854F6C00B54D22 /* CXMLDocument_CreationExtensions.h */,
				D700668C18854F6C00B54D22 /* CXMLDocument_CreationExtensions.m */,
				D700668D18854F6C00B54D22 /* CXMLNode_CreationExtensions.h */,
				D700668E18854F6C00B54D22 /* CXMLNode_CreationExtensions.m */,
			);
			path = Creation;
			sourceTree = "<group>";
		};
		D74D92E91885614D00FB84B7 /* Resources */ = {
			isa = PBXGroup;
			children = (
				D74D92EF188562E400FB84B7 /* vhugo.epub */,
				D70066B518855B2F00B54D22 /* libxml2.dylib */,
				8D1107310486CEB800E47090 /* FlipPub-Info.plist */,
				32CA4F630368D1EE00C91783 /* FlipPub_Prefix.pch */,
				28AD733E0D9D9553002E5188 /* MainWindow.xib */,
			);
			name = Resources;
			sourceTree = "<group>";
		};
		D74D92EA188562BD00FB84B7 /* Resources */ = {
			isa = PBXGroup;
			children = (
				D74D92FF18858C7E00FB84B7 /* SearchWebView.js */,
				D74D92EC188562E400FB84B7 /* orangeslide.png */,
				D74D92ED188562E400FB84B7 /* slider_ball.png */,
				D74D92EE188562E400FB84B7 /* yellowslide.png */,
				D74D92F0188562E400FB84B7 /* EPubView.xib */,
				D74D92F1188562E400FB84B7 /* SearchResultsViewController.xib */,
				D74D92F2188562E400FB84B7 /* ChapterListViewController.xib */,
				D74D92F3188562E400FB84B7 /* MainWindow_.xib */,
				D74D92F4188562E400FB84B7 /* AePubReader-Info.plist */,
			);
			path = Resources;
			sourceTree = "<group>";
		};
/* End PBXGroup section */

/* Begin PBXNativeTarget section */
		1D6058900D05DD3D006BFB54 /* FlipPub */ = {
			isa = PBXNativeTarget;
			buildConfigurationList = 1D6058960D05DD3E006BFB54 /* Build configuration list for PBXNativeTarget "FlipPub" */;
			buildPhases = (
				1D60588D0D05DD3D006BFB54 /* Resources */,
				1D60588E0D05DD3D006BFB54 /* Sources */,
				1D60588F0D05DD3D006BFB54 /* Frameworks */,
			);
			buildRules = (
			);
			dependencies = (
			);
			name = FlipPub;
			productName = FlipPubProject;
			productReference = 1D6058910D05DD3D006BFB54 /* FlipPub.app */;
			productType = "com.apple.product-type.application";
		};
/* End PBXNativeTarget section */

/* Begin PBXProject section */
		29B97313FDCFA39411CA2CEA /* Project object */ = {
			isa = PBXProject;
			attributes = {
				LastUpgradeCheck = 0500;
			};
			buildConfigurationList = C01FCF4E08A954540054247B /* Build configuration list for PBXProject "FlipPub" */;
			compatibilityVersion = "Xcode 3.2";
			developmentRegion = English;
			hasScannedForEncodings = 1;
			knownRegions = (
				English,
				Japanese,
				French,
				German,
			);
			mainGroup = 29B97314FDCFA39411CA2CEA /* CustomTemplate */;
			projectDirPath = "";
			projectRoot = "";
			targets = (
				1D6058900D05DD3D006BFB54 /* FlipPub */,
			);
		};
/* End PBXProject section */

/* Begin PBXResourcesBuildPhase section */
		1D60588D0D05DD3D006BFB54 /* Resources */ = {
			isa = PBXResourcesBuildPhase;
			buildActionMask = 2147483647;
			files = (
				D74D930018858C7E00FB84B7 /* SearchWebView.js in Resources */,
				D74D92F8188562E400FB84B7 /* yellowslide.png in Resources */,
				28AD733F0D9D9553002E5188 /* MainWindow.xib in Resources */,
				1873ABE513D17378001A999B /* flip-illusion-oriented.jpg in Resources */,
				1873ABE613D17378001A999B /* flip-illusion.png in Resources */,
				1873AC0D13D173AC001A999B /* unselected-page.png in Resources */,
				D74D92F9188562E400FB84B7 /* vhugo.epub in Resources */,
				D74D92FC188562E400FB84B7 /* ChapterListViewController.xib in Resources */,
				1873AC0E13D173AC001A999B /* selected-page.png in Resources */,
				D74D92FB188562E400FB84B7 /* SearchResultsViewController.xib in Resources */,
				D74D92F6188562E400FB84B7 /* orangeslide.png in Resources */,
				180E01AC13D1B201005DF14C /* missing-people.png in Resources */,
				D74D92F7188562E400FB84B7 /* slider_ball.png in Resources */,
				D74D92FD188562E400FB84B7 /* MainWindow_.xib in Resources */,
				D74D92FA188562E400FB84B7 /* EPubView.xib in Resources */,
				18D45F7B13D4365000BB814D /* close-popup.png in Resources */,
				D74D92FE188562E400FB84B7 /* AePubReader-Info.plist in Resources */,
				18FD403713DB18460080C465 /* License in Resources */,
			);
			runOnlyForDeploymentPostprocessing = 0;
		};
/* End PBXResourcesBuildPhase section */

/* Begin PBXSourcesBuildPhase section */
		1D60588E0D05DD3D006BFB54 /* Sources */ = {
			isa = PBXSourcesBuildPhase;
			buildActionMask = 2147483647;
			files = (
				D70066A818854F7900B54D22 /* CXMLDocument_PrivateExtensions.m in Sources */,
				D700666F18854E9300B54D22 /* SearchResult.m in Sources */,
				D700668F18854F6C00B54D22 /* CXMLDocument_CreationExtensions.m in Sources */,
				1D60589B0D05DD56006BFB54 /* main.m in Sources */,
				1D3623260D0F684500981E51 /* FlipPubAppDelegate.m in Sources */,
				1873AB0413D16FB3001A999B /* AFKPageFlipper.m in Sources */,
				D700668A18854F6500B54D22 /* CTidy.m in Sources */,
				D700667718854F0300B54D22 /* ZipArchive.mm in Sources */,
				1873AC2A13D17428001A999B /* FullScreenView.m in Sources */,
				1873AC2B13D17428001A999B /* TitleAndTextView.m in Sources */,
				1873AC2C13D17428001A999B /* UIViewExtention.m in Sources */,
				1873AC2D13D17428001A999B /* HeaderView.m in Sources */,
				1873AC2E13D17428001A999B /* FooterView.m in Sources */,
				1873AC4113D1743A001A999B /* LayoutViewExtention.m in Sources */,
				D700669018854F6C00B54D22 /* CXMLNode_CreationExtensions.m in Sources */,
				D700667118854E9300B54D22 /* NSString+HTML.m in Sources */,
				D700668418854F1E00B54D22 /* unzip.c in Sources */,
				1873AC4213D1743A001A999B /* Layout5.m in Sources */,
				D700666A18854E9300B54D22 /* ChapterListViewController.m in Sources */,
				D700666E18854E9300B54D22 /* SearchResultsViewController.m in Sources */,
				D70066AB18854F7900B54D22 /* CXMLElement_ElementTreeExtensions.m in Sources */,
				1873AC4313D1743A001A999B /* Layout6.m in Sources */,
				D700666918854E9300B54D22 /* AePubReaderAppDelegate.m in Sources */,
				D700668218854F1E00B54D22 /* ioapi.c in Sources */,
				D700668318854F1E00B54D22 /* mztools.c in Sources */,
				D700667018854E9300B54D22 /* UIWebView+SearchWebView.m in Sources */,
				1873AC4413D1743A001A999B /* Layout7.m in Sources */,
				1873AC4513D1743A001A999B /* Layout8.m in Sources */,
				D70066A718854F7900B54D22 /* CXMLDocument.m in Sources */,
				D700668518854F1E00B54D22 /* zip.c in Sources */,
				D70066AF18854F7900B54D22 /* CXMLNode_XPathExtensions.m in Sources */,
				1873AC4613D1743A001A999B /* Layout4.m in Sources */,
				D70066AE18854F7900B54D22 /* CXMLNode_PrivateExtensions.m in Sources */,
				1873AC4713D1743A001A999B /* Layout3.m in Sources */,
				D700667218854E9300B54D22 /* GTMNSString+HTML.m in Sources */,
				1873AC4813D1743A001A999B /* Layout2.m in Sources */,
				1873AC4913D1743A001A999B /* Layout1.m in Sources */,
				D700666D18854E9300B54D22 /* Chapter.m in Sources */,
				D70066A918854F7900B54D22 /* CXMLElement.m in Sources */,
				D70066AA18854F7900B54D22 /* CXMLElement_CreationExtensions.m in Sources */,
				D700666B18854E9300B54D22 /* EPub.m in Sources */,
				D70066A618854F7900B54D22 /* CXHTMLDocument.m in Sources */,
				1873AC5913D17550001A999B /* MessageModel.m in Sources */,
				D70066AD18854F7900B54D22 /* CXMLNode.m in Sources */,
				D70066AC18854F7900B54D22 /* CXMLNamespaceNode.m in Sources */,
				180E006713D19F83005DF14C /* WallViewController.m in Sources */,
				D700666C18854E9300B54D22 /* EPubViewController.m in Sources */,
			);
			runOnlyForDeploymentPostprocessing = 0;
		};
/* End PBXSourcesBuildPhase section */

/* Begin XCBuildConfiguration section */
		1D6058940D05DD3E006BFB54 /* Debug */ = {
			isa = XCBuildConfiguration;
			buildSettings = {
				ALWAYS_SEARCH_USER_PATHS = NO;
				COPY_PHASE_STRIP = NO;
				GCC_DYNAMIC_NO_PIC = NO;
				GCC_OPTIMIZATION_LEVEL = 0;
				GCC_PRECOMPILE_PREFIX_HEADER = YES;
				GCC_PREFIX_HEADER = FlipPub_Prefix.pch;
				HEADER_SEARCH_PATHS = (
					"$(inherited)",
					/Applications/Xcode.app/Contents/Developer/Toolchains/XcodeDefault.xctoolchain/usr/include,
					"$(SDKROOT)/usr/include/libxml2",
				);
				INFOPLIST_FILE = "FlipPub-Info.plist";
				OTHER_LDFLAGS = "";
				PRODUCT_NAME = FlipPub;
			};
			name = Debug;
		};
		1D6058950D05DD3E006BFB54 /* Release */ = {
			isa = XCBuildConfiguration;
			buildSettings = {
				ALWAYS_SEARCH_USER_PATHS = NO;
				COPY_PHASE_STRIP = YES;
				GCC_PRECOMPILE_PREFIX_HEADER = YES;
				GCC_PREFIX_HEADER = FlipPub_Prefix.pch;
				HEADER_SEARCH_PATHS = (
					"$(inherited)",
					/Applications/Xcode.app/Contents/Developer/Toolchains/XcodeDefault.xctoolchain/usr/include,
					"$(SDKROOT)/usr/include/libxml2",
				);
				INFOPLIST_FILE = "FlipPub-Info.plist";
				OTHER_LDFLAGS = "";
				PRODUCT_NAME = FlipPub;
				VALIDATE_PRODUCT = YES;
			};
			name = Release;
		};
		C01FCF4F08A954540054247B /* Debug */ = {
			isa = XCBuildConfiguration;
			buildSettings = {
				"CODE_SIGN_IDENTITY[sdk=iphoneos*]" = "iPhone Developer";
				GCC_C_LANGUAGE_STANDARD = c99;
				GCC_WARN_ABOUT_RETURN_TYPE = YES;
				GCC_WARN_UNUSED_VARIABLE = YES;
				ONLY_ACTIVE_ARCH = YES;
				PREBINDING = NO;
				SDKROOT = iphoneos;
				TARGETED_DEVICE_FAMILY = 2;
			};
			name = Debug;
		};
		C01FCF5008A954540054247B /* Release */ = {
			isa = XCBuildConfiguration;
			buildSettings = {
				"CODE_SIGN_IDENTITY[sdk=iphoneos*]" = "iPhone Developer";
				GCC_C_LANGUAGE_STANDARD = c99;
				GCC_WARN_ABOUT_RETURN_TYPE = YES;
				GCC_WARN_UNUSED_VARIABLE = YES;
				OTHER_CFLAGS = "-DNS_BLOCK_ASSERTIONS=1";
				PREBINDING = NO;
				SDKROOT = iphoneos;
				TARGETED_DEVICE_FAMILY = 2;
			};
			name = Release;
		};
/* End XCBuildConfiguration section */

/* Begin XCConfigurationList section */
		1D6058960D05DD3E006BFB54 /* Build configuration list for PBXNativeTarget "FlipPub" */ = {
			isa = XCConfigurationList;
			buildConfigurations = (
				1D6058940D05DD3E006BFB54 /* Debug */,
				1D6058950D05DD3E006BFB54 /* Release */,
			);
			defaultConfigurationIsVisible = 0;
			defaultConfigurationName = Release;
		};
		C01FCF4E08A954540054247B /* Build configuration list for PBXProject "FlipPub" */ = {
			isa = XCConfigurationList;
			buildConfigurations = (
				C01FCF4F08A954540054247B /* Debug */,
				C01FCF5008A954540054247B /* Release */,
			);
			defaultConfigurationIsVisible = 0;
			defaultConfigurationName = Release;
		};
/* End XCConfigurationList section */
	};
	rootObject = 29B97313FDCFA39411CA2CEA /* Project object */;
}
